
Microsoft Visual Studio Solution File, Format Version 12.00
# Visual Studio Version 17
VisualStudioVersion = 17.8.34525.116
MinimumVisualStudioVersion = 10.0.40219.1
Project("{FAE04EC0-301F-11D3-BF4B-00C04F79EFBC}") = "TicTacToe", "TicTacToe\TicTacToe.csproj", "{72838447-1B73-4896-842E-18FBF92A591A}"
EndProject
Global
	GlobalSection(SolutionConfigurationPlatforms) = preSolution
		Debug|Any CPU = Debug|Any CPU
		Release|Any CPU = Release|Any CPU
	EndGlobalSection
	GlobalSection(ProjectConfigurationPlatforms) = postSolution
		{72838447-1B73-4896-842E-18FBF92A591A}.Debug|Any CPU.ActiveCfg = Debug|Any CPU
		{72838447-1B73-4896-842E-18FBF92A591A}.Debug|Any CPU.Build.0 = Debug|Any CPU
		{72838447-1B73-4896-842E-18FBF92A591A}.Release|Any CPU.ActiveCfg = Release|Any CPU
		{72838447-1B73-4896-842E-18FBF92A591A}.Release|Any CPU.Build.0 = Release|Any CPU
	EndGlobalSection
	GlobalSection(SolutionProperties) = preSolution
		HideSolutionNode = FALSE
	EndGlobalSection
	GlobalSection(ExtensibilityGlobals) = postSolution
		SolutionGuid = {811E5424-65B1-436D-85DD-9C8AE9B90244}
	EndGlobalSection
EndGlobal
